{
  "object": {
    "pins": [
      {
        "package": "BigInt",
        "repositoryURL": "http://github.com/attaswift/BigInt.git",
        "state": {
          "branch": null,
          "revision": "e3879c569817a844ca2c54a9095c59e1d779cd5d",
          "version": "3.0.1"
        }
      },
      {
        "package": "BigIntCompress",
        "repositoryURL": "http://github.com/valdirunars/BigIntCompress.git",
        "state": {
          "branch": null,
          "revision": "8a45f0efff361df262697b9fb4c309fb2dbb39f0",
          "version": "1.0.2"
        }
      },
      {
        "package": "SipHash",
        "repositoryURL": "https://github.com/attaswift/SipHash",
        "state": {
          "branch": null,
          "revision": "7b47e3f23a66770b1eb18e15e20546aad398c9dd",
          "version": "1.2.0"
        }
      }
    ]
  },
  "version": 1
}
