// !$*UTF8*$!
{
	archiveVersion = 1;
	classes = {
	};
	objectVersion = 46;
	objects = {

/* Begin PBXAggregateTarget section */
		"BioSwift::BioSwiftPackageTests::ProductTarget" /* BioSwiftPackageTests */ = {
			isa = PBXAggregateTarget;
			buildConfigurationList = OBJ_150 /* Build configuration list for PBXAggregateTarget "BioSwiftPackageTests" */;
			buildPhases = (
			);
			dependencies = (
				OBJ_153 /* PBXTargetDependency */,
			);
			name = BioSwiftPackageTests;
			productName = BioSwiftPackageTests;
		};
/* End PBXAggregateTarget section */

/* Begin PBXBuildFile section */
		OBJ_100 /* Genome+Bio.swift in Sources */ = {isa = PBXBuildFile; fileRef = OBJ_11 /* Genome+Bio.swift */; };
		OBJ_101 /* Genome+Codec.swift in Sources */ = {isa = PBXBuildFile; fileRef = OBJ_12 /* Genome+Codec.swift */; };
		OBJ_102 /* Genome+Foundation.swift in Sources */ = {isa = PBXBuildFile; fileRef = OBJ_13 /* Genome+Foundation.swift */; };
		OBJ_103 /* Genome.swift in Sources */ = {isa = PBXBuildFile; fileRef = OBJ_14 /* Genome.swift */; };
		OBJ_104 /* Nucleotide.swift in Sources */ = {isa = PBXBuildFile; fileRef = OBJ_15 /* Nucleotide.swift */; };
		OBJ_105 /* Utils.swift in Sources */ = {isa = PBXBuildFile; fileRef = OBJ_16 /* Utils.swift */; };
		OBJ_107 /* BigInt.framework in Frameworks */ = {isa = PBXBuildFile; fileRef = "BigInt::BigInt::Product" /* BigInt.framework */; };
		OBJ_108 /* SipHash.framework in Frameworks */ = {isa = PBXBuildFile; fileRef = "SipHash::SipHash::Product" /* SipHash.framework */; };
		OBJ_115 /* Addition.swift in Sources */ = {isa = PBXBuildFile; fileRef = OBJ_24 /* Addition.swift */; };
		OBJ_116 /* BigInt.swift in Sources */ = {isa = PBXBuildFile; fileRef = OBJ_25 /* BigInt.swift */; };
		OBJ_117 /* BigUInt.swift in Sources */ = {isa = PBXBuildFile; fileRef = OBJ_26 /* BigUInt.swift */; };
		OBJ_118 /* Bitwise Ops.swift in Sources */ = {isa = PBXBuildFile; fileRef = OBJ_27 /* Bitwise Ops.swift */; };
		OBJ_119 /* Codable.swift in Sources */ = {isa = PBXBuildFile; fileRef = OBJ_28 /* Codable.swift */; };
		OBJ_120 /* Comparable.swift in Sources */ = {isa = PBXBuildFile; fileRef = OBJ_29 /* Comparable.swift */; };
		OBJ_121 /* Data Conversion.swift in Sources */ = {isa = PBXBuildFile; fileRef = OBJ_30 /* Data Conversion.swift */; };
		OBJ_122 /* Division.swift in Sources */ = {isa = PBXBuildFile; fileRef = OBJ_31 /* Division.swift */; };
		OBJ_123 /* Exponentiation.swift in Sources */ = {isa = PBXBuildFile; fileRef = OBJ_32 /* Exponentiation.swift */; };
		OBJ_124 /* Floating Point Conversion.swift in Sources */ = {isa = PBXBuildFile; fileRef = OBJ_33 /* Floating Point Conversion.swift */; };
		OBJ_125 /* GCD.swift in Sources */ = {isa = PBXBuildFile; fileRef = OBJ_34 /* GCD.swift */; };
		OBJ_126 /* Hashable.swift in Sources */ = {isa = PBXBuildFile; fileRef = OBJ_35 /* Hashable.swift */; };
		OBJ_127 /* Integer Conversion.swift in Sources */ = {isa = PBXBuildFile; fileRef = OBJ_36 /* Integer Conversion.swift */; };
		OBJ_128 /* Multiplication.swift in Sources */ = {isa = PBXBuildFile; fileRef = OBJ_37 /* Multiplication.swift */; };
		OBJ_129 /* Prime Test.swift in Sources */ = {isa = PBXBuildFile; fileRef = OBJ_38 /* Prime Test.swift */; };
		OBJ_130 /* Random.swift in Sources */ = {isa = PBXBuildFile; fileRef = OBJ_39 /* Random.swift */; };
		OBJ_131 /* Shifts.swift in Sources */ = {isa = PBXBuildFile; fileRef = OBJ_40 /* Shifts.swift */; };
		OBJ_132 /* Square Root.swift in Sources */ = {isa = PBXBuildFile; fileRef = OBJ_41 /* Square Root.swift */; };
		OBJ_133 /* Strideable.swift in Sources */ = {isa = PBXBuildFile; fileRef = OBJ_42 /* Strideable.swift */; };
		OBJ_134 /* String Conversion.swift in Sources */ = {isa = PBXBuildFile; fileRef = OBJ_43 /* String Conversion.swift */; };
		OBJ_135 /* Subtraction.swift in Sources */ = {isa = PBXBuildFile; fileRef = OBJ_44 /* Subtraction.swift */; };
		OBJ_136 /* Words and Bits.swift in Sources */ = {isa = PBXBuildFile; fileRef = OBJ_45 /* Words and Bits.swift */; };
		OBJ_138 /* SipHash.framework in Frameworks */ = {isa = PBXBuildFile; fileRef = "SipHash::SipHash::Product" /* SipHash.framework */; };
		OBJ_144 /* Primitive Types.swift in Sources */ = {isa = PBXBuildFile; fileRef = OBJ_48 /* Primitive Types.swift */; };
		OBJ_145 /* RandomUInt64.swift in Sources */ = {isa = PBXBuildFile; fileRef = OBJ_49 /* RandomUInt64.swift */; };
		OBJ_146 /* SipHashable.swift in Sources */ = {isa = PBXBuildFile; fileRef = OBJ_50 /* SipHashable.swift */; };
		OBJ_147 /* SipHasher.swift in Sources */ = {isa = PBXBuildFile; fileRef = OBJ_51 /* SipHasher.swift */; };
		OBJ_63 /* Package.swift in Sources */ = {isa = PBXBuildFile; fileRef = OBJ_6 /* Package.swift */; };
		OBJ_69 /* Package.swift in Sources */ = {isa = PBXBuildFile; fileRef = OBJ_23 /* Package.swift */; };
		OBJ_75 /* Package.swift in Sources */ = {isa = PBXBuildFile; fileRef = OBJ_52 /* Package.swift */; };
		OBJ_81 /* bio_swiftTests.swift in Sources */ = {isa = PBXBuildFile; fileRef = OBJ_19 /* bio_swiftTests.swift */; };
		OBJ_82 /* extensionTests.swift in Sources */ = {isa = PBXBuildFile; fileRef = OBJ_20 /* extensionTests.swift */; };
		OBJ_84 /* BioSwift.framework in Frameworks */ = {isa = PBXBuildFile; fileRef = "BioSwift::BioSwift::Product" /* BioSwift.framework */; };
		OBJ_85 /* BigInt.framework in Frameworks */ = {isa = PBXBuildFile; fileRef = "BigInt::BigInt::Product" /* BigInt.framework */; };
		OBJ_86 /* SipHash.framework in Frameworks */ = {isa = PBXBuildFile; fileRef = "SipHash::SipHash::Product" /* SipHash.framework */; };
		OBJ_97 /* Extensions.swift in Sources */ = {isa = PBXBuildFile; fileRef = OBJ_8 /* Extensions.swift */; };
		OBJ_98 /* Genome+Algebra.swift in Sources */ = {isa = PBXBuildFile; fileRef = OBJ_9 /* Genome+Algebra.swift */; };
		OBJ_99 /* Genome+BigInt.swift in Sources */ = {isa = PBXBuildFile; fileRef = OBJ_10 /* Genome+BigInt.swift */; };
/* End PBXBuildFile section */

/* Begin PBXContainerItemProxy section */
		38EBF64D1F7D41FB00239C45 /* PBXContainerItemProxy */ = {
			isa = PBXContainerItemProxy;
			containerPortal = OBJ_1 /* Project object */;
			proxyType = 1;
			remoteGlobalIDString = "BigInt::BigInt";
			remoteInfo = BigInt;
		};
		38EBF64E1F7D41FB00239C45 /* PBXContainerItemProxy */ = {
			isa = PBXContainerItemProxy;
			containerPortal = OBJ_1 /* Project object */;
			proxyType = 1;
			remoteGlobalIDString = "SipHash::SipHash";
			remoteInfo = SipHash;
		};
		38EBF64F1F7D41FB00239C45 /* PBXContainerItemProxy */ = {
			isa = PBXContainerItemProxy;
			containerPortal = OBJ_1 /* Project object */;
			proxyType = 1;
			remoteGlobalIDString = "SipHash::SipHash";
			remoteInfo = SipHash;
		};
		38EBF6501F7D41FB00239C45 /* PBXContainerItemProxy */ = {
			isa = PBXContainerItemProxy;
			containerPortal = OBJ_1 /* Project object */;
			proxyType = 1;
			remoteGlobalIDString = "BioSwift::BioSwift";
			remoteInfo = BioSwift;
		};
		38EBF6511F7D41FB00239C45 /* PBXContainerItemProxy */ = {
			isa = PBXContainerItemProxy;
			containerPortal = OBJ_1 /* Project object */;
			proxyType = 1;
			remoteGlobalIDString = "BigInt::BigInt";
			remoteInfo = BigInt;
		};
		38EBF6521F7D41FB00239C45 /* PBXContainerItemProxy */ = {
			isa = PBXContainerItemProxy;
			containerPortal = OBJ_1 /* Project object */;
			proxyType = 1;
			remoteGlobalIDString = "SipHash::SipHash";
			remoteInfo = SipHash;
		};
		38EBF6531F7D41FC00239C45 /* PBXContainerItemProxy */ = {
			isa = PBXContainerItemProxy;
			containerPortal = OBJ_1 /* Project object */;
			proxyType = 1;
			remoteGlobalIDString = "BioSwift::BioSwiftTests";
			remoteInfo = BioSwiftTests;
		};
/* End PBXContainerItemProxy section */

/* Begin PBXFileReference section */
		"BigInt::BigInt::Product" /* BigInt.framework */ = {isa = PBXFileReference; explicitFileType = wrapper.framework; path = BigInt.framework; sourceTree = BUILT_PRODUCTS_DIR; };
		"BioSwift::BioSwift::Product" /* BioSwift.framework */ = {isa = PBXFileReference; explicitFileType = wrapper.framework; path = BioSwift.framework; sourceTree = BUILT_PRODUCTS_DIR; };
		"BioSwift::BioSwiftTests::Product" /* BioSwiftTests.xctest */ = {isa = PBXFileReference; lastKnownFileType = file; path = BioSwiftTests.xctest; sourceTree = BUILT_PRODUCTS_DIR; };
		OBJ_10 /* Genome+BigInt.swift */ = {isa = PBXFileReference; lastKnownFileType = sourcecode.swift; path = "Genome+BigInt.swift"; sourceTree = "<group>"; };
		OBJ_11 /* Genome+Bio.swift */ = {isa = PBXFileReference; lastKnownFileType = sourcecode.swift; path = "Genome+Bio.swift"; sourceTree = "<group>"; };
		OBJ_12 /* Genome+Codec.swift */ = {isa = PBXFileReference; lastKnownFileType = sourcecode.swift; path = "Genome+Codec.swift"; sourceTree = "<group>"; };
		OBJ_13 /* Genome+Foundation.swift */ = {isa = PBXFileReference; lastKnownFileType = sourcecode.swift; path = "Genome+Foundation.swift"; sourceTree = "<group>"; };
		OBJ_14 /* Genome.swift */ = {isa = PBXFileReference; lastKnownFileType = sourcecode.swift; path = Genome.swift; sourceTree = "<group>"; };
		OBJ_15 /* Nucleotide.swift */ = {isa = PBXFileReference; lastKnownFileType = sourcecode.swift; path = Nucleotide.swift; sourceTree = "<group>"; };
		OBJ_16 /* Utils.swift */ = {isa = PBXFileReference; lastKnownFileType = sourcecode.swift; path = Utils.swift; sourceTree = "<group>"; };
		OBJ_19 /* bio_swiftTests.swift */ = {isa = PBXFileReference; lastKnownFileType = sourcecode.swift; path = bio_swiftTests.swift; sourceTree = "<group>"; };
		OBJ_20 /* extensionTests.swift */ = {isa = PBXFileReference; lastKnownFileType = sourcecode.swift; path = extensionTests.swift; sourceTree = "<group>"; };
		OBJ_23 /* Package.swift */ = {isa = PBXFileReference; explicitFileType = sourcecode.swift; name = Package.swift; path = "/Users/valdi/Developer/BioSwift/.build/checkouts/BigInt.git--846726461342754841/Package.swift"; sourceTree = "<group>"; };
		OBJ_24 /* Addition.swift */ = {isa = PBXFileReference; lastKnownFileType = sourcecode.swift; path = Addition.swift; sourceTree = "<group>"; };
		OBJ_25 /* BigInt.swift */ = {isa = PBXFileReference; lastKnownFileType = sourcecode.swift; path = BigInt.swift; sourceTree = "<group>"; };
		OBJ_26 /* BigUInt.swift */ = {isa = PBXFileReference; lastKnownFileType = sourcecode.swift; path = BigUInt.swift; sourceTree = "<group>"; };
		OBJ_27 /* Bitwise Ops.swift */ = {isa = PBXFileReference; lastKnownFileType = sourcecode.swift; path = "Bitwise Ops.swift"; sourceTree = "<group>"; };
		OBJ_28 /* Codable.swift */ = {isa = PBXFileReference; lastKnownFileType = sourcecode.swift; path = Codable.swift; sourceTree = "<group>"; };
		OBJ_29 /* Comparable.swift */ = {isa = PBXFileReference; lastKnownFileType = sourcecode.swift; path = Comparable.swift; sourceTree = "<group>"; };
		OBJ_30 /* Data Conversion.swift */ = {isa = PBXFileReference; lastKnownFileType = sourcecode.swift; path = "Data Conversion.swift"; sourceTree = "<group>"; };
		OBJ_31 /* Division.swift */ = {isa = PBXFileReference; lastKnownFileType = sourcecode.swift; path = Division.swift; sourceTree = "<group>"; };
		OBJ_32 /* Exponentiation.swift */ = {isa = PBXFileReference; lastKnownFileType = sourcecode.swift; path = Exponentiation.swift; sourceTree = "<group>"; };
		OBJ_33 /* Floating Point Conversion.swift */ = {isa = PBXFileReference; lastKnownFileType = sourcecode.swift; path = "Floating Point Conversion.swift"; sourceTree = "<group>"; };
		OBJ_34 /* GCD.swift */ = {isa = PBXFileReference; lastKnownFileType = sourcecode.swift; path = GCD.swift; sourceTree = "<group>"; };
		OBJ_35 /* Hashable.swift */ = {isa = PBXFileReference; lastKnownFileType = sourcecode.swift; path = Hashable.swift; sourceTree = "<group>"; };
		OBJ_36 /* Integer Conversion.swift */ = {isa = PBXFileReference; lastKnownFileType = sourcecode.swift; path = "Integer Conversion.swift"; sourceTree = "<group>"; };
		OBJ_37 /* Multiplication.swift */ = {isa = PBXFileReference; lastKnownFileType = sourcecode.swift; path = Multiplication.swift; sourceTree = "<group>"; };
		OBJ_38 /* Prime Test.swift */ = {isa = PBXFileReference; lastKnownFileType = sourcecode.swift; path = "Prime Test.swift"; sourceTree = "<group>"; };
		OBJ_39 /* Random.swift */ = {isa = PBXFileReference; lastKnownFileType = sourcecode.swift; path = Random.swift; sourceTree = "<group>"; };
		OBJ_40 /* Shifts.swift */ = {isa = PBXFileReference; lastKnownFileType = sourcecode.swift; path = Shifts.swift; sourceTree = "<group>"; };
		OBJ_41 /* Square Root.swift */ = {isa = PBXFileReference; lastKnownFileType = sourcecode.swift; path = "Square Root.swift"; sourceTree = "<group>"; };
		OBJ_42 /* Strideable.swift */ = {isa = PBXFileReference; lastKnownFileType = sourcecode.swift; path = Strideable.swift; sourceTree = "<group>"; };
		OBJ_43 /* String Conversion.swift */ = {isa = PBXFileReference; lastKnownFileType = sourcecode.swift; path = "String Conversion.swift"; sourceTree = "<group>"; };
		OBJ_44 /* Subtraction.swift */ = {isa = PBXFileReference; lastKnownFileType = sourcecode.swift; path = Subtraction.swift; sourceTree = "<group>"; };
		OBJ_45 /* Words and Bits.swift */ = {isa = PBXFileReference; lastKnownFileType = sourcecode.swift; path = "Words and Bits.swift"; sourceTree = "<group>"; };
		OBJ_48 /* Primitive Types.swift */ = {isa = PBXFileReference; lastKnownFileType = sourcecode.swift; path = "Primitive Types.swift"; sourceTree = "<group>"; };
		OBJ_49 /* RandomUInt64.swift */ = {isa = PBXFileReference; lastKnownFileType = sourcecode.swift; path = RandomUInt64.swift; sourceTree = "<group>"; };
		OBJ_50 /* SipHashable.swift */ = {isa = PBXFileReference; lastKnownFileType = sourcecode.swift; path = SipHashable.swift; sourceTree = "<group>"; };
		OBJ_51 /* SipHasher.swift */ = {isa = PBXFileReference; lastKnownFileType = sourcecode.swift; path = SipHasher.swift; sourceTree = "<group>"; };
		OBJ_52 /* Package.swift */ = {isa = PBXFileReference; explicitFileType = sourcecode.swift; name = Package.swift; path = "/Users/valdi/Developer/BioSwift/.build/checkouts/SipHash--340540534556366043/Package.swift"; sourceTree = "<group>"; };
		OBJ_6 /* Package.swift */ = {isa = PBXFileReference; explicitFileType = sourcecode.swift; path = Package.swift; sourceTree = "<group>"; };
		OBJ_8 /* Extensions.swift */ = {isa = PBXFileReference; lastKnownFileType = sourcecode.swift; path = Extensions.swift; sourceTree = "<group>"; };
		OBJ_9 /* Genome+Algebra.swift */ = {isa = PBXFileReference; lastKnownFileType = sourcecode.swift; path = "Genome+Algebra.swift"; sourceTree = "<group>"; };
		"SipHash::SipHash::Product" /* SipHash.framework */ = {isa = PBXFileReference; explicitFileType = wrapper.framework; path = SipHash.framework; sourceTree = BUILT_PRODUCTS_DIR; };
/* End PBXFileReference section */

/* Begin PBXFrameworksBuildPhase section */
		OBJ_106 /* Frameworks */ = {
			isa = PBXFrameworksBuildPhase;
			buildActionMask = 0;
			files = (
				OBJ_107 /* BigInt.framework in Frameworks */,
				OBJ_108 /* SipHash.framework in Frameworks */,
			);
			runOnlyForDeploymentPostprocessing = 0;
		};
		OBJ_137 /* Frameworks */ = {
			isa = PBXFrameworksBuildPhase;
			buildActionMask = 0;
			files = (
				OBJ_138 /* SipHash.framework in Frameworks */,
			);
			runOnlyForDeploymentPostprocessing = 0;
		};
		OBJ_148 /* Frameworks */ = {
			isa = PBXFrameworksBuildPhase;
			buildActionMask = 0;
			files = (
			);
			runOnlyForDeploymentPostprocessing = 0;
		};
		OBJ_83 /* Frameworks */ = {
			isa = PBXFrameworksBuildPhase;
			buildActionMask = 0;
			files = (
				OBJ_84 /* BioSwift.framework in Frameworks */,
				OBJ_85 /* BigInt.framework in Frameworks */,
				OBJ_86 /* SipHash.framework in Frameworks */,
			);
			runOnlyForDeploymentPostprocessing = 0;
		};
/* End PBXFrameworksBuildPhase section */

/* Begin PBXGroup section */
		OBJ_17 /* Tests */ = {
			isa = PBXGroup;
			children = (
				OBJ_18 /* BioSwiftTests */,
			);
			name = Tests;
			sourceTree = SOURCE_ROOT;
		};
		OBJ_18 /* BioSwiftTests */ = {
			isa = PBXGroup;
			children = (
				OBJ_19 /* bio_swiftTests.swift */,
				OBJ_20 /* extensionTests.swift */,
			);
			name = BioSwiftTests;
			path = Tests/BioSwiftTests;
			sourceTree = SOURCE_ROOT;
		};
		OBJ_21 /* Dependencies */ = {
			isa = PBXGroup;
			children = (
				OBJ_22 /* BigInt 3.0.0 */,
				OBJ_46 /* SipHash 1.2.0 */,
			);
			name = Dependencies;
			sourceTree = "<group>";
		};
		OBJ_22 /* BigInt 3.0.0 */ = {
			isa = PBXGroup;
			children = (
				OBJ_23 /* Package.swift */,
				OBJ_24 /* Addition.swift */,
				OBJ_25 /* BigInt.swift */,
				OBJ_26 /* BigUInt.swift */,
				OBJ_27 /* Bitwise Ops.swift */,
				OBJ_28 /* Codable.swift */,
				OBJ_29 /* Comparable.swift */,
				OBJ_30 /* Data Conversion.swift */,
				OBJ_31 /* Division.swift */,
				OBJ_32 /* Exponentiation.swift */,
				OBJ_33 /* Floating Point Conversion.swift */,
				OBJ_34 /* GCD.swift */,
				OBJ_35 /* Hashable.swift */,
				OBJ_36 /* Integer Conversion.swift */,
				OBJ_37 /* Multiplication.swift */,
				OBJ_38 /* Prime Test.swift */,
				OBJ_39 /* Random.swift */,
				OBJ_40 /* Shifts.swift */,
				OBJ_41 /* Square Root.swift */,
				OBJ_42 /* Strideable.swift */,
				OBJ_43 /* String Conversion.swift */,
				OBJ_44 /* Subtraction.swift */,
				OBJ_45 /* Words and Bits.swift */,
			);
			name = "BigInt 3.0.0";
			path = ".build/checkouts/BigInt.git--846726461342754841/sources";
			sourceTree = SOURCE_ROOT;
		};
		OBJ_46 /* SipHash 1.2.0 */ = {
			isa = PBXGroup;
			children = (
				OBJ_47 /* SipHash */,
				OBJ_52 /* Package.swift */,
			);
			name = "SipHash 1.2.0";
			sourceTree = SOURCE_ROOT;
		};
		OBJ_47 /* SipHash */ = {
			isa = PBXGroup;
			children = (
				OBJ_48 /* Primitive Types.swift */,
				OBJ_49 /* RandomUInt64.swift */,
				OBJ_50 /* SipHashable.swift */,
				OBJ_51 /* SipHasher.swift */,
			);
			name = SipHash;
			path = ".build/checkouts/SipHash--340540534556366043/SipHash";
			sourceTree = SOURCE_ROOT;
		};
		OBJ_5 /*  */ = {
			isa = PBXGroup;
			children = (
				OBJ_6 /* Package.swift */,
				OBJ_7 /* Sources */,
				OBJ_17 /* Tests */,
				OBJ_21 /* Dependencies */,
				OBJ_53 /* Products */,
			);
			name = "";
			sourceTree = "<group>";
		};
		OBJ_53 /* Products */ = {
			isa = PBXGroup;
			children = (
				"BioSwift::BioSwiftTests::Product" /* BioSwiftTests.xctest */,
				"BioSwift::BioSwift::Product" /* BioSwift.framework */,
				"BigInt::BigInt::Product" /* BigInt.framework */,
				"SipHash::SipHash::Product" /* SipHash.framework */,
			);
			name = Products;
			sourceTree = BUILT_PRODUCTS_DIR;
		};
		OBJ_7 /* Sources */ = {
			isa = PBXGroup;
			children = (
				OBJ_8 /* Extensions.swift */,
				OBJ_9 /* Genome+Algebra.swift */,
				OBJ_10 /* Genome+BigInt.swift */,
				OBJ_11 /* Genome+Bio.swift */,
				OBJ_12 /* Genome+Codec.swift */,
				OBJ_13 /* Genome+Foundation.swift */,
				OBJ_14 /* Genome.swift */,
				OBJ_15 /* Nucleotide.swift */,
				OBJ_16 /* Utils.swift */,
			);
			path = Sources;
			sourceTree = SOURCE_ROOT;
		};
/* End PBXGroup section */

/* Begin PBXNativeTarget section */
		"BigInt::BigInt" /* BigInt */ = {
			isa = PBXNativeTarget;
			buildConfigurationList = OBJ_111 /* Build configuration list for PBXNativeTarget "BigInt" */;
			buildPhases = (
				OBJ_114 /* Sources */,
				OBJ_137 /* Frameworks */,
			);
			buildRules = (
			);
			dependencies = (
				OBJ_139 /* PBXTargetDependency */,
			);
			name = BigInt;
			productName = BigInt;
			productReference = "BigInt::BigInt::Product" /* BigInt.framework */;
			productType = "com.apple.product-type.framework";
		};
		"BigInt::SwiftPMPackageDescription" /* BigIntPackageDescription */ = {
			isa = PBXNativeTarget;
			buildConfigurationList = OBJ_65 /* Build configuration list for PBXNativeTarget "BigIntPackageDescription" */;
			buildPhases = (
				OBJ_68 /* Sources */,
			);
			buildRules = (
			);
			dependencies = (
			);
			name = BigIntPackageDescription;
			productName = BigIntPackageDescription;
			productType = "com.apple.product-type.framework";
		};
		"BioSwift::BioSwift" /* BioSwift */ = {
			isa = PBXNativeTarget;
			buildConfigurationList = OBJ_93 /* Build configuration list for PBXNativeTarget "BioSwift" */;
			buildPhases = (
				OBJ_96 /* Sources */,
				OBJ_106 /* Frameworks */,
			);
			buildRules = (
			);
			dependencies = (
				OBJ_109 /* PBXTargetDependency */,
				OBJ_110 /* PBXTargetDependency */,
			);
			name = BioSwift;
			productName = BioSwift;
			productReference = "BioSwift::BioSwift::Product" /* BioSwift.framework */;
			productType = "com.apple.product-type.framework";
		};
		"BioSwift::BioSwiftTests" /* BioSwiftTests */ = {
			isa = PBXNativeTarget;
			buildConfigurationList = OBJ_77 /* Build configuration list for PBXNativeTarget "BioSwiftTests" */;
			buildPhases = (
				OBJ_80 /* Sources */,
				OBJ_83 /* Frameworks */,
			);
			buildRules = (
			);
			dependencies = (
				OBJ_87 /* PBXTargetDependency */,
				OBJ_89 /* PBXTargetDependency */,
				OBJ_91 /* PBXTargetDependency */,
			);
			name = BioSwiftTests;
			productName = BioSwiftTests;
			productReference = "BioSwift::BioSwiftTests::Product" /* BioSwiftTests.xctest */;
			productType = "com.apple.product-type.bundle.unit-test";
		};
		"BioSwift::SwiftPMPackageDescription" /* BioSwiftPackageDescription */ = {
			isa = PBXNativeTarget;
			buildConfigurationList = OBJ_59 /* Build configuration list for PBXNativeTarget "BioSwiftPackageDescription" */;
			buildPhases = (
				OBJ_62 /* Sources */,
			);
			buildRules = (
			);
			dependencies = (
			);
			name = BioSwiftPackageDescription;
			productName = BioSwiftPackageDescription;
			productType = "com.apple.product-type.framework";
		};
		"SipHash::SipHash" /* SipHash */ = {
			isa = PBXNativeTarget;
			buildConfigurationList = OBJ_140 /* Build configuration list for PBXNativeTarget "SipHash" */;
			buildPhases = (
				OBJ_143 /* Sources */,
				OBJ_148 /* Frameworks */,
			);
			buildRules = (
			);
			dependencies = (
			);
			name = SipHash;
			productName = SipHash;
			productReference = "SipHash::SipHash::Product" /* SipHash.framework */;
			productType = "com.apple.product-type.framework";
		};
		"SipHash::SwiftPMPackageDescription" /* SipHashPackageDescription */ = {
			isa = PBXNativeTarget;
			buildConfigurationList = OBJ_71 /* Build configuration list for PBXNativeTarget "SipHashPackageDescription" */;
			buildPhases = (
				OBJ_74 /* Sources */,
			);
			buildRules = (
			);
			dependencies = (
			);
			name = SipHashPackageDescription;
			productName = SipHashPackageDescription;
			productType = "com.apple.product-type.framework";
		};
/* End PBXNativeTarget section */

/* Begin PBXProject section */
		OBJ_1 /* Project object */ = {
			isa = PBXProject;
			attributes = {
				LastUpgradeCheck = 9999;
			};
			buildConfigurationList = OBJ_2 /* Build configuration list for PBXProject "BioSwift" */;
			compatibilityVersion = "Xcode 3.2";
			developmentRegion = English;
			hasScannedForEncodings = 0;
			knownRegions = (
				en,
			);
			mainGroup = OBJ_5 /*  */;
			productRefGroup = OBJ_53 /* Products */;
			projectDirPath = "";
			projectRoot = "";
			targets = (
				"BioSwift::SwiftPMPackageDescription" /* BioSwiftPackageDescription */,
				"BigInt::SwiftPMPackageDescription" /* BigIntPackageDescription */,
				"SipHash::SwiftPMPackageDescription" /* SipHashPackageDescription */,
				"BioSwift::BioSwiftTests" /* BioSwiftTests */,
				"BioSwift::BioSwift" /* BioSwift */,
				"BigInt::BigInt" /* BigInt */,
				"SipHash::SipHash" /* SipHash */,
				"BioSwift::BioSwiftPackageTests::ProductTarget" /* BioSwiftPackageTests */,
			);
		};
/* End PBXProject section */

/* Begin PBXSourcesBuildPhase section */
		OBJ_114 /* Sources */ = {
			isa = PBXSourcesBuildPhase;
			buildActionMask = 0;
			files = (
				OBJ_115 /* Addition.swift in Sources */,
				OBJ_116 /* BigInt.swift in Sources */,
				OBJ_117 /* BigUInt.swift in Sources */,
				OBJ_118 /* Bitwise Ops.swift in Sources */,
				OBJ_119 /* Codable.swift in Sources */,
				OBJ_120 /* Comparable.swift in Sources */,
				OBJ_121 /* Data Conversion.swift in Sources */,
				OBJ_122 /* Division.swift in Sources */,
				OBJ_123 /* Exponentiation.swift in Sources */,
				OBJ_124 /* Floating Point Conversion.swift in Sources */,
				OBJ_125 /* GCD.swift in Sources */,
				OBJ_126 /* Hashable.swift in Sources */,
				OBJ_127 /* Integer Conversion.swift in Sources */,
				OBJ_128 /* Multiplication.swift in Sources */,
				OBJ_129 /* Prime Test.swift in Sources */,
				OBJ_130 /* Random.swift in Sources */,
				OBJ_131 /* Shifts.swift in Sources */,
				OBJ_132 /* Square Root.swift in Sources */,
				OBJ_133 /* Strideable.swift in Sources */,
				OBJ_134 /* String Conversion.swift in Sources */,
				OBJ_135 /* Subtraction.swift in Sources */,
				OBJ_136 /* Words and Bits.swift in Sources */,
			);
			runOnlyForDeploymentPostprocessing = 0;
		};
		OBJ_143 /* Sources */ = {
			isa = PBXSourcesBuildPhase;
			buildActionMask = 0;
			files = (
				OBJ_144 /* Primitive Types.swift in Sources */,
				OBJ_145 /* RandomUInt64.swift in Sources */,
				OBJ_146 /* SipHashable.swift in Sources */,
				OBJ_147 /* SipHasher.swift in Sources */,
			);
			runOnlyForDeploymentPostprocessing = 0;
		};
		OBJ_62 /* Sources */ = {
			isa = PBXSourcesBuildPhase;
			buildActionMask = 0;
			files = (
				OBJ_63 /* Package.swift in Sources */,
			);
			runOnlyForDeploymentPostprocessing = 0;
		};
		OBJ_68 /* Sources */ = {
			isa = PBXSourcesBuildPhase;
			buildActionMask = 0;
			files = (
				OBJ_69 /* Package.swift in Sources */,
			);
			runOnlyForDeploymentPostprocessing = 0;
		};
		OBJ_74 /* Sources */ = {
			isa = PBXSourcesBuildPhase;
			buildActionMask = 0;
			files = (
				OBJ_75 /* Package.swift in Sources */,
			);
			runOnlyForDeploymentPostprocessing = 0;
		};
		OBJ_80 /* Sources */ = {
			isa = PBXSourcesBuildPhase;
			buildActionMask = 0;
			files = (
				OBJ_81 /* bio_swiftTests.swift in Sources */,
				OBJ_82 /* extensionTests.swift in Sources */,
			);
			runOnlyForDeploymentPostprocessing = 0;
		};
		OBJ_96 /* Sources */ = {
			isa = PBXSourcesBuildPhase;
			buildActionMask = 0;
			files = (
				OBJ_97 /* Extensions.swift in Sources */,
				OBJ_98 /* Genome+Algebra.swift in Sources */,
				OBJ_99 /* Genome+BigInt.swift in Sources */,
				OBJ_100 /* Genome+Bio.swift in Sources */,
				OBJ_101 /* Genome+Codec.swift in Sources */,
				OBJ_102 /* Genome+Foundation.swift in Sources */,
				OBJ_103 /* Genome.swift in Sources */,
				OBJ_104 /* Nucleotide.swift in Sources */,
				OBJ_105 /* Utils.swift in Sources */,
			);
			runOnlyForDeploymentPostprocessing = 0;
		};
/* End PBXSourcesBuildPhase section */

/* Begin PBXTargetDependency section */
		OBJ_109 /* PBXTargetDependency */ = {
			isa = PBXTargetDependency;
			target = "BigInt::BigInt" /* BigInt */;
			targetProxy = 38EBF64D1F7D41FB00239C45 /* PBXContainerItemProxy */;
		};
		OBJ_110 /* PBXTargetDependency */ = {
			isa = PBXTargetDependency;
			target = "SipHash::SipHash" /* SipHash */;
			targetProxy = 38EBF64F1F7D41FB00239C45 /* PBXContainerItemProxy */;
		};
		OBJ_139 /* PBXTargetDependency */ = {
			isa = PBXTargetDependency;
			target = "SipHash::SipHash" /* SipHash */;
			targetProxy = 38EBF64E1F7D41FB00239C45 /* PBXContainerItemProxy */;
		};
		OBJ_153 /* PBXTargetDependency */ = {
			isa = PBXTargetDependency;
			target = "BioSwift::BioSwiftTests" /* BioSwiftTests */;
			targetProxy = 38EBF6531F7D41FC00239C45 /* PBXContainerItemProxy */;
		};
		OBJ_87 /* PBXTargetDependency */ = {
			isa = PBXTargetDependency;
			target = "BioSwift::BioSwift" /* BioSwift */;
			targetProxy = 38EBF6501F7D41FB00239C45 /* PBXContainerItemProxy */;
		};
		OBJ_89 /* PBXTargetDependency */ = {
			isa = PBXTargetDependency;
			target = "BigInt::BigInt" /* BigInt */;
			targetProxy = 38EBF6511F7D41FB00239C45 /* PBXContainerItemProxy */;
		};
		OBJ_91 /* PBXTargetDependency */ = {
			isa = PBXTargetDependency;
			target = "SipHash::SipHash" /* SipHash */;
			targetProxy = 38EBF6521F7D41FB00239C45 /* PBXContainerItemProxy */;
		};
/* End PBXTargetDependency section */

/* Begin XCBuildConfiguration section */
		OBJ_112 /* Debug */ = {
			isa = XCBuildConfiguration;
			buildSettings = {
				ENABLE_TESTABILITY = YES;
				FRAMEWORK_SEARCH_PATHS = (
					"$(inherited)",
					"$(PLATFORM_DIR)/Developer/Library/Frameworks",
				);
				HEADER_SEARCH_PATHS = "$(inherited)";
				INFOPLIST_FILE = BioSwift.xcodeproj/BigInt_Info.plist;
				LD_RUNPATH_SEARCH_PATHS = "$(TOOLCHAIN_DIR)/usr/lib/swift/macosx";
				OTHER_LDFLAGS = "$(inherited)";
				OTHER_SWIFT_FLAGS = "$(inherited)";
				PRODUCT_BUNDLE_IDENTIFIER = BigInt;
				PRODUCT_MODULE_NAME = "$(TARGET_NAME:c99extidentifier)";
				PRODUCT_NAME = "$(TARGET_NAME:c99extidentifier)";
				SKIP_INSTALL = YES;
				SWIFT_VERSION = 4.0;
				TARGET_NAME = BigInt;
			};
			name = Debug;
		};
		OBJ_113 /* Release */ = {
			isa = XCBuildConfiguration;
			buildSettings = {
				ENABLE_TESTABILITY = YES;
				FRAMEWORK_SEARCH_PATHS = (
					"$(inherited)",
					"$(PLATFORM_DIR)/Developer/Library/Frameworks",
				);
				HEADER_SEARCH_PATHS = "$(inherited)";
				INFOPLIST_FILE = BioSwift.xcodeproj/BigInt_Info.plist;
				LD_RUNPATH_SEARCH_PATHS = "$(TOOLCHAIN_DIR)/usr/lib/swift/macosx";
				OTHER_LDFLAGS = "$(inherited)";
				OTHER_SWIFT_FLAGS = "$(inherited)";
				PRODUCT_BUNDLE_IDENTIFIER = BigInt;
				PRODUCT_MODULE_NAME = "$(TARGET_NAME:c99extidentifier)";
				PRODUCT_NAME = "$(TARGET_NAME:c99extidentifier)";
				SKIP_INSTALL = YES;
				SWIFT_VERSION = 4.0;
				TARGET_NAME = BigInt;
			};
			name = Release;
		};
		OBJ_141 /* Debug */ = {
			isa = XCBuildConfiguration;
			buildSettings = {
				ENABLE_TESTABILITY = YES;
				FRAMEWORK_SEARCH_PATHS = (
					"$(inherited)",
					"$(PLATFORM_DIR)/Developer/Library/Frameworks",
				);
				HEADER_SEARCH_PATHS = "$(inherited)";
				INFOPLIST_FILE = BioSwift.xcodeproj/SipHash_Info.plist;
				LD_RUNPATH_SEARCH_PATHS = "$(TOOLCHAIN_DIR)/usr/lib/swift/macosx";
				OTHER_LDFLAGS = "$(inherited)";
				OTHER_SWIFT_FLAGS = "$(inherited)";
				PRODUCT_BUNDLE_IDENTIFIER = SipHash;
				PRODUCT_MODULE_NAME = "$(TARGET_NAME:c99extidentifier)";
				PRODUCT_NAME = "$(TARGET_NAME:c99extidentifier)";
				SKIP_INSTALL = YES;
				SWIFT_VERSION = 4.0;
				TARGET_NAME = SipHash;
			};
			name = Debug;
		};
		OBJ_142 /* Release */ = {
			isa = XCBuildConfiguration;
			buildSettings = {
				ENABLE_TESTABILITY = YES;
				FRAMEWORK_SEARCH_PATHS = (
					"$(inherited)",
					"$(PLATFORM_DIR)/Developer/Library/Frameworks",
				);
				HEADER_SEARCH_PATHS = "$(inherited)";
				INFOPLIST_FILE = BioSwift.xcodeproj/SipHash_Info.plist;
				LD_RUNPATH_SEARCH_PATHS = "$(TOOLCHAIN_DIR)/usr/lib/swift/macosx";
				OTHER_LDFLAGS = "$(inherited)";
				OTHER_SWIFT_FLAGS = "$(inherited)";
				PRODUCT_BUNDLE_IDENTIFIER = SipHash;
				PRODUCT_MODULE_NAME = "$(TARGET_NAME:c99extidentifier)";
				PRODUCT_NAME = "$(TARGET_NAME:c99extidentifier)";
				SKIP_INSTALL = YES;
				SWIFT_VERSION = 4.0;
				TARGET_NAME = SipHash;
			};
			name = Release;
		};
		OBJ_151 /* Debug */ = {
			isa = XCBuildConfiguration;
			buildSettings = {
			};
			name = Debug;
		};
		OBJ_152 /* Release */ = {
			isa = XCBuildConfiguration;
			buildSettings = {
			};
			name = Release;
		};
		OBJ_3 /* Debug */ = {
			isa = XCBuildConfiguration;
			buildSettings = {
				CLANG_ENABLE_OBJC_ARC = YES;
				COMBINE_HIDPI_IMAGES = YES;
				COPY_PHASE_STRIP = NO;
				DEBUG_INFORMATION_FORMAT = dwarf;
				DYLIB_INSTALL_NAME_BASE = "@rpath";
				ENABLE_NS_ASSERTIONS = YES;
				GCC_OPTIMIZATION_LEVEL = 0;
				MACOSX_DEPLOYMENT_TARGET = 10.10;
				ONLY_ACTIVE_ARCH = YES;
				OTHER_SWIFT_FLAGS = "-DXcode";
				PRODUCT_NAME = "$(TARGET_NAME)";
				SDKROOT = macosx;
				SUPPORTED_PLATFORMS = "macosx iphoneos iphonesimulator appletvos appletvsimulator watchos watchsimulator";
				SWIFT_ACTIVE_COMPILATION_CONDITIONS = SWIFT_PACKAGE;
				SWIFT_OPTIMIZATION_LEVEL = "-Onone";
				USE_HEADERMAP = NO;
			};
			name = Debug;
		};
		OBJ_4 /* Release */ = {
			isa = XCBuildConfiguration;
			buildSettings = {
				CLANG_ENABLE_OBJC_ARC = YES;
				COMBINE_HIDPI_IMAGES = YES;
				COPY_PHASE_STRIP = YES;
				DEBUG_INFORMATION_FORMAT = "dwarf-with-dsym";
				DYLIB_INSTALL_NAME_BASE = "@rpath";
				GCC_OPTIMIZATION_LEVEL = s;
				MACOSX_DEPLOYMENT_TARGET = 10.10;
				OTHER_SWIFT_FLAGS = "-DXcode";
				PRODUCT_NAME = "$(TARGET_NAME)";
				SDKROOT = macosx;
				SUPPORTED_PLATFORMS = "macosx iphoneos iphonesimulator appletvos appletvsimulator watchos watchsimulator";
				SWIFT_ACTIVE_COMPILATION_CONDITIONS = SWIFT_PACKAGE;
				SWIFT_OPTIMIZATION_LEVEL = "-Owholemodule";
				USE_HEADERMAP = NO;
			};
			name = Release;
		};
		OBJ_60 /* Debug */ = {
			isa = XCBuildConfiguration;
			buildSettings = {
				LD = /usr/bin/true;
				OTHER_SWIFT_FLAGS = "-swift-version 3 -I /Applications/Xcode.app/Contents/Developer/Toolchains/XcodeDefault.xctoolchain/usr/lib/swift/pm/3 -target x86_64-apple-macosx10.10 -sdk /Applications/Xcode.app/Contents/Developer/Platforms/MacOSX.platform/Developer/SDKs/MacOSX10.13.sdk";
				SWIFT_VERSION = 3.0;
			};
			name = Debug;
		};
		OBJ_61 /* Release */ = {
			isa = XCBuildConfiguration;
			buildSettings = {
				LD = /usr/bin/true;
				OTHER_SWIFT_FLAGS = "-swift-version 3 -I /Applications/Xcode.app/Contents/Developer/Toolchains/XcodeDefault.xctoolchain/usr/lib/swift/pm/3 -target x86_64-apple-macosx10.10 -sdk /Applications/Xcode.app/Contents/Developer/Platforms/MacOSX.platform/Developer/SDKs/MacOSX10.13.sdk";
				SWIFT_VERSION = 3.0;
			};
			name = Release;
		};
		OBJ_66 /* Debug */ = {
			isa = XCBuildConfiguration;
			buildSettings = {
				LD = /usr/bin/true;
				OTHER_SWIFT_FLAGS = "-swift-version 4 -I /Applications/Xcode.app/Contents/Developer/Toolchains/XcodeDefault.xctoolchain/usr/lib/swift/pm/4 -target x86_64-apple-macosx10.10 -sdk /Applications/Xcode.app/Contents/Developer/Platforms/MacOSX.platform/Developer/SDKs/MacOSX10.13.sdk";
				SWIFT_VERSION = 4.0;
			};
			name = Debug;
		};
		OBJ_67 /* Release */ = {
			isa = XCBuildConfiguration;
			buildSettings = {
				LD = /usr/bin/true;
				OTHER_SWIFT_FLAGS = "-swift-version 4 -I /Applications/Xcode.app/Contents/Developer/Toolchains/XcodeDefault.xctoolchain/usr/lib/swift/pm/4 -target x86_64-apple-macosx10.10 -sdk /Applications/Xcode.app/Contents/Developer/Platforms/MacOSX.platform/Developer/SDKs/MacOSX10.13.sdk";
				SWIFT_VERSION = 4.0;
			};
			name = Release;
		};
		OBJ_72 /* Debug */ = {
			isa = XCBuildConfiguration;
			buildSettings = {
				LD = /usr/bin/true;
				OTHER_SWIFT_FLAGS = "-swift-version 4 -I /Applications/Xcode.app/Contents/Developer/Toolchains/XcodeDefault.xctoolchain/usr/lib/swift/pm/4 -target x86_64-apple-macosx10.10 -sdk /Applications/Xcode.app/Contents/Developer/Platforms/MacOSX.platform/Developer/SDKs/MacOSX10.13.sdk";
				SWIFT_VERSION = 4.0;
			};
			name = Debug;
		};
		OBJ_73 /* Release */ = {
			isa = XCBuildConfiguration;
			buildSettings = {
				LD = /usr/bin/true;
				OTHER_SWIFT_FLAGS = "-swift-version 4 -I /Applications/Xcode.app/Contents/Developer/Toolchains/XcodeDefault.xctoolchain/usr/lib/swift/pm/4 -target x86_64-apple-macosx10.10 -sdk /Applications/Xcode.app/Contents/Developer/Platforms/MacOSX.platform/Developer/SDKs/MacOSX10.13.sdk";
				SWIFT_VERSION = 4.0;
			};
			name = Release;
		};
		OBJ_78 /* Debug */ = {
			isa = XCBuildConfiguration;
			buildSettings = {
				EMBEDDED_CONTENT_CONTAINS_SWIFT = YES;
				FRAMEWORK_SEARCH_PATHS = (
					"$(inherited)",
					"$(PLATFORM_DIR)/Developer/Library/Frameworks",
				);
				HEADER_SEARCH_PATHS = "$(inherited)";
				INFOPLIST_FILE = BioSwift.xcodeproj/BioSwiftTests_Info.plist;
				LD_RUNPATH_SEARCH_PATHS = "@loader_path/../Frameworks @loader_path/Frameworks";
				OTHER_LDFLAGS = "$(inherited)";
				OTHER_SWIFT_FLAGS = "$(inherited)";
				SWIFT_VERSION = 3.0;
				TARGET_NAME = BioSwiftTests;
			};
			name = Debug;
		};
		OBJ_79 /* Release */ = {
			isa = XCBuildConfiguration;
			buildSettings = {
				EMBEDDED_CONTENT_CONTAINS_SWIFT = YES;
				FRAMEWORK_SEARCH_PATHS = (
					"$(inherited)",
					"$(PLATFORM_DIR)/Developer/Library/Frameworks",
				);
				HEADER_SEARCH_PATHS = "$(inherited)";
				INFOPLIST_FILE = BioSwift.xcodeproj/BioSwiftTests_Info.plist;
				LD_RUNPATH_SEARCH_PATHS = "@loader_path/../Frameworks @loader_path/Frameworks";
				OTHER_LDFLAGS = "$(inherited)";
				OTHER_SWIFT_FLAGS = "$(inherited)";
				SWIFT_VERSION = 3.0;
				TARGET_NAME = BioSwiftTests;
			};
			name = Release;
		};
		OBJ_94 /* Debug */ = {
			isa = XCBuildConfiguration;
			buildSettings = {
				ENABLE_TESTABILITY = YES;
				FRAMEWORK_SEARCH_PATHS = (
					"$(inherited)",
					"$(PLATFORM_DIR)/Developer/Library/Frameworks",
				);
				HEADER_SEARCH_PATHS = "$(inherited)";
				INFOPLIST_FILE = BioSwift.xcodeproj/BioSwift_Info.plist;
				LD_RUNPATH_SEARCH_PATHS = "$(TOOLCHAIN_DIR)/usr/lib/swift/macosx";
				OTHER_LDFLAGS = "$(inherited)";
				OTHER_SWIFT_FLAGS = "$(inherited)";
				PRODUCT_BUNDLE_IDENTIFIER = BioSwift;
				PRODUCT_MODULE_NAME = "$(TARGET_NAME:c99extidentifier)";
				PRODUCT_NAME = "$(TARGET_NAME:c99extidentifier)";
				SKIP_INSTALL = YES;
				SWIFT_VERSION = 3.0;
				TARGET_NAME = BioSwift;
			};
			name = Debug;
		};
		OBJ_95 /* Release */ = {
			isa = XCBuildConfiguration;
			buildSettings = {
				ENABLE_TESTABILITY = YES;
				FRAMEWORK_SEARCH_PATHS = (
					"$(inherited)",
					"$(PLATFORM_DIR)/Developer/Library/Frameworks",
				);
				HEADER_SEARCH_PATHS = "$(inherited)";
				INFOPLIST_FILE = BioSwift.xcodeproj/BioSwift_Info.plist;
				LD_RUNPATH_SEARCH_PATHS = "$(TOOLCHAIN_DIR)/usr/lib/swift/macosx";
				OTHER_LDFLAGS = "$(inherited)";
				OTHER_SWIFT_FLAGS = "$(inherited)";
				PRODUCT_BUNDLE_IDENTIFIER = BioSwift;
				PRODUCT_MODULE_NAME = "$(TARGET_NAME:c99extidentifier)";
				PRODUCT_NAME = "$(TARGET_NAME:c99extidentifier)";
				SKIP_INSTALL = YES;
				SWIFT_VERSION = 3.0;
				TARGET_NAME = BioSwift;
			};
			name = Release;
		};
/* End XCBuildConfiguration section */

/* Begin XCConfigurationList section */
		OBJ_111 /* Build configuration list for PBXNativeTarget "BigInt" */ = {
			isa = XCConfigurationList;
			buildConfigurations = (
				OBJ_112 /* Debug */,
				OBJ_113 /* Release */,
			);
			defaultConfigurationIsVisible = 0;
			defaultConfigurationName = Debug;
		};
		OBJ_140 /* Build configuration list for PBXNativeTarget "SipHash" */ = {
			isa = XCConfigurationList;
			buildConfigurations = (
				OBJ_141 /* Debug */,
				OBJ_142 /* Release */,
			);
			defaultConfigurationIsVisible = 0;
			defaultConfigurationName = Debug;
		};
		OBJ_150 /* Build configuration list for PBXAggregateTarget "BioSwiftPackageTests" */ = {
			isa = XCConfigurationList;
			buildConfigurations = (
				OBJ_151 /* Debug */,
				OBJ_152 /* Release */,
			);
			defaultConfigurationIsVisible = 0;
			defaultConfigurationName = Debug;
		};
		OBJ_2 /* Build configuration list for PBXProject "BioSwift" */ = {
			isa = XCConfigurationList;
			buildConfigurations = (
				OBJ_3 /* Debug */,
				OBJ_4 /* Release */,
			);
			defaultConfigurationIsVisible = 0;
			defaultConfigurationName = Debug;
		};
		OBJ_59 /* Build configuration list for PBXNativeTarget "BioSwiftPackageDescription" */ = {
			isa = XCConfigurationList;
			buildConfigurations = (
				OBJ_60 /* Debug */,
				OBJ_61 /* Release */,
			);
			defaultConfigurationIsVisible = 0;
			defaultConfigurationName = Debug;
		};
		OBJ_65 /* Build configuration list for PBXNativeTarget "BigIntPackageDescription" */ = {
			isa = XCConfigurationList;
			buildConfigurations = (
				OBJ_66 /* Debug */,
				OBJ_67 /* Release */,
			);
			defaultConfigurationIsVisible = 0;
			defaultConfigurationName = Debug;
		};
		OBJ_71 /* Build configuration list for PBXNativeTarget "SipHashPackageDescription" */ = {
			isa = XCConfigurationList;
			buildConfigurations = (
				OBJ_72 /* Debug */,
				OBJ_73 /* Release */,
			);
			defaultConfigurationIsVisible = 0;
			defaultConfigurationName = Debug;
		};
		OBJ_77 /* Build configuration list for PBXNativeTarget "BioSwiftTests" */ = {
			isa = XCConfigurationList;
			buildConfigurations = (
				OBJ_78 /* Debug */,
				OBJ_79 /* Release */,
			);
			defaultConfigurationIsVisible = 0;
			defaultConfigurationName = Debug;
		};
		OBJ_93 /* Build configuration list for PBXNativeTarget "BioSwift" */ = {
			isa = XCConfigurationList;
			buildConfigurations = (
				OBJ_94 /* Debug */,
				OBJ_95 /* Release */,
			);
			defaultConfigurationIsVisible = 0;
			defaultConfigurationName = Debug;
		};
/* End XCConfigurationList section */
	};
	rootObject = OBJ_1 /* Project object */;
}
